
Microsoft Visual Studio Solution File, Format Version 12.00
# Visual Studio Version 16
VisualStudioVersion = 16.0.29020.237
MinimumVisualStudioVersion = 10.0.40219.1
Project("{FAE04EC0-301F-11D3-BF4B-00C04F79EFBC}") = "LineOperator2.Android", "LineOperator2.Android\LineOperator2.Android.csproj", "{3FC2987E-24CE-4D2E-915B-767C54261967}"
EndProject
Project("{FAE04EC0-301F-11D3-BF4B-00C04F79EFBC}") = "LineOperator2", "LineOperator2\LineOperator2.csproj", "{590C33C1-146A-441A-B5C1-93246DC0DB9A}"
EndProject
Global
	GlobalSection(SolutionConfigurationPlatforms) = preSolution
		Debug|Any CPU = Debug|Any CPU
		Release|Any CPU = Release|Any CPU
	EndGlobalSection
	GlobalSection(ProjectConfigurationPlatforms) = postSolution
		{3FC2987E-24CE-4D2E-915B-767C54261967}.Debug|Any CPU.ActiveCfg = Debug|Any CPU
		{3FC2987E-24CE-4D2E-915B-767C54261967}.Debug|Any CPU.Build.0 = Debug|Any CPU
		{3FC2987E-24CE-4D2E-915B-767C54261967}.Debug|Any CPU.Deploy.0 = Debug|Any CPU
		{3FC2987E-24CE-4D2E-915B-767C54261967}.Release|Any CPU.ActiveCfg = Release|Any CPU
		{3FC2987E-24CE-4D2E-915B-767C54261967}.Release|Any CPU.Build.0 = Release|Any CPU
		{3FC2987E-24CE-4D2E-915B-767C54261967}.Release|Any CPU.Deploy.0 = Release|Any CPU
		{590C33C1-146A-441A-B5C1-93246DC0DB9A}.Debug|Any CPU.ActiveCfg = Debug|Any CPU
		{590C33C1-146A-441A-B5C1-93246DC0DB9A}.Debug|Any CPU.Build.0 = Debug|Any CPU
		{590C33C1-146A-441A-B5C1-93246DC0DB9A}.Debug|Any CPU.Deploy.0 = Debug|Any CPU
		{590C33C1-146A-441A-B5C1-93246DC0DB9A}.Release|Any CPU.ActiveCfg = Release|Any CPU
		{590C33C1-146A-441A-B5C1-93246DC0DB9A}.Release|Any CPU.Build.0 = Release|Any CPU
		{590C33C1-146A-441A-B5C1-93246DC0DB9A}.Release|Any CPU.Deploy.0 = Release|Any CPU
	EndGlobalSection
	GlobalSection(SolutionProperties) = preSolution
		HideSolutionNode = FALSE
	EndGlobalSection
	GlobalSection(ExtensibilityGlobals) = postSolution
		SolutionGuid = {DCDCF316-C2B6-46E6-BC68-1A0FED6C34C9}
	EndGlobalSection
EndGlobal
